// !$*UTF8*$!
{
	archiveVersion = 1;
	classes = {
	};
	objectVersion = 50;
	objects = {

/* Begin PBXBuildFile section */
		98BABA35268AB4BF0038716C /* AppDelegate.swift in Sources */ = {isa = PBXBuildFile; fileRef = 98BABA34268AB4BF0038716C /* AppDelegate.swift */; };
		98BABA37268AB4BF0038716C /* SceneDelegate.swift in Sources */ = {isa = PBXBuildFile; fileRef = 98BABA36268AB4BF0038716C /* SceneDelegate.swift */; };
		98BABA39268AB4BF0038716C /* ViewController.swift in Sources */ = {isa = PBXBuildFile; fileRef = 98BABA38268AB4BF0038716C /* ViewController.swift */; };
		98BABA3C268AB4BF0038716C /* Main.storyboard in Resources */ = {isa = PBXBuildFile; fileRef = 98BABA3A268AB4BF0038716C /* Main.storyboard */; };
		98BABA3E268AB4C00038716C /* Assets.xcassets in Resources */ = {isa = PBXBuildFile; fileRef = 98BABA3D268AB4C00038716C /* Assets.xcassets */; };
		98BABA41268AB4C00038716C /* LaunchScreen.storyboard in Resources */ = {isa = PBXBuildFile; fileRef = 98BABA3F268AB4C00038716C /* LaunchScreen.storyboard */; };
		98BABA4B268ACA320038716C /* IZ ONE (아이즈원) - Secret Story of the Swan (환상동화) [HAN ROM ENG Color Coded Lyrics].mp3 in Resources */ = {isa = PBXBuildFile; fileRef = 98BABA4A268ACA320038716C /* IZ ONE (아이즈원) - Secret Story of the Swan (환상동화) [HAN ROM ENG Color Coded Lyrics].mp3 */; };
		98BABA4D268B00D50038716C /* IZ ONE 아이즈원   Parallel Universe (평행우주)   Lyrics (ColorCoded ENG HAN ROM 가사).mp3 in Resources */ = {isa = PBXBuildFile; fileRef = 98BABA4C268B00D50038716C /* IZ ONE 아이즈원   Parallel Universe (평행우주)   Lyrics (ColorCoded ENG HAN ROM 가사).mp3 */; };
/* End PBXBuildFile section */

/* Begin PBXFileReference section */
		98BABA31268AB4BF0038716C /* audioplay.app */ = {isa = PBXFileReference; explicitFileType = wrapper.application; includeInIndex = 0; path = audioplay.app; sourceTree = BUILT_PRODUCTS_DIR; };
		98BABA34268AB4BF0038716C /* AppDelegate.swift */ = {isa = PBXFileReference; lastKnownFileType = sourcecode.swift; path = AppDelegate.swift; sourceTree = "<group>"; };
		98BABA36268AB4BF0038716C /* SceneDelegate.swift */ = {isa = PBXFileReference; lastKnownFileType = sourcecode.swift; path = SceneDelegate.swift; sourceTree = "<group>"; };
		98BABA38268AB4BF0038716C /* ViewController.swift */ = {isa = PBXFileReference; lastKnownFileType = sourcecode.swift; path = ViewController.swift; sourceTree = "<group>"; };
		98BABA3B268AB4BF0038716C /* Base */ = {isa = PBXFileReference; lastKnownFileType = file.storyboard; name = Base; path = Base.lproj/Main.storyboard; sourceTree = "<group>"; };
		98BABA3D268AB4C00038716C /* Assets.xcassets */ = {isa = PBXFileReference; lastKnownFileType = folder.assetcatalog; path = Assets.xcassets; sourceTree = "<group>"; };
		98BABA40268AB4C00038716C /* Base */ = {isa = PBXFileReference; lastKnownFileType = file.storyboard; name = Base; path = Base.lproj/LaunchScreen.storyboard; sourceTree = "<group>"; };
		98BABA42268AB4C00038716C /* Info.plist */ = {isa = PBXFileReference; lastKnownFileType = text.plist.xml; path = Info.plist; sourceTree = "<group>"; };
		98BABA4A268ACA320038716C /* IZ ONE (아이즈원) - Secret Story of the Swan (환상동화) [HAN ROM ENG Color Coded Lyrics].mp3 */ = {isa = PBXFileReference; lastKnownFileType = audio.mp3; path = "IZ ONE (아이즈원) - Secret Story of the Swan (환상동화) [HAN ROM ENG Color Coded Lyrics].mp3"; sourceTree = "<group>"; };
		98BABA4C268B00D50038716C /* IZ ONE 아이즈원   Parallel Universe (평행우주)   Lyrics (ColorCoded ENG HAN ROM 가사).mp3 */ = {isa = PBXFileReference; lastKnownFileType = audio.mp3; name = "IZ ONE 아이즈원   Parallel Universe (평행우주)   Lyrics (ColorCoded ENG HAN ROM 가사).mp3"; path = "../../../../../Desktop/IZ ONE 아이즈원   Parallel Universe (평행우주)   Lyrics (ColorCoded ENG HAN ROM 가사).mp3"; sourceTree = "<group>"; };
/* End PBXFileReference section */

/* Begin PBXFrameworksBuildPhase section */
		98BABA2E268AB4BF0038716C /* Frameworks */ = {
			isa = PBXFrameworksBuildPhase;
			buildActionMask = 2147483647;
			files = (
			);
			runOnlyForDeploymentPostprocessing = 0;
		};
/* End PBXFrameworksBuildPhase section */

/* Begin PBXGroup section */
		98BABA28268AB4BF0038716C = {
			isa = PBXGroup;
			children = (
				98BABA33268AB4BF0038716C /* audioplay */,
				98BABA32268AB4BF0038716C /* Products */,
			);
			sourceTree = "<group>";
		};
		98BABA32268AB4BF0038716C /* Products */ = {
			isa = PBXGroup;
			children = (
				98BABA31268AB4BF0038716C /* audioplay.app */,
			);
			name = Products;
			sourceTree = "<group>";
		};
		98BABA33268AB4BF0038716C /* audioplay */ = {
			isa = PBXGroup;
			children = (
				98BABA4C268B00D50038716C /* IZ ONE 아이즈원   Parallel Universe (평행우주)   Lyrics (ColorCoded ENG HAN ROM 가사).mp3 */,
				98BABA4A268ACA320038716C /* IZ ONE (아이즈원) - Secret Story of the Swan (환상동화) [HAN ROM ENG Color Coded Lyrics].mp3 */,
				98BABA34268AB4BF0038716C /* AppDelegate.swift */,
				98BABA36268AB4BF0038716C /* SceneDelegate.swift */,
				98BABA38268AB4BF0038716C /* ViewController.swift */,
				98BABA3A268AB4BF0038716C /* Main.storyboard */,
				98BABA3D268AB4C00038716C /* Assets.xcassets */,
				98BABA3F268AB4C00038716C /* LaunchScreen.storyboard */,
				98BABA42268AB4C00038716C /* Info.plist */,
			);
			path = audioplay;
			sourceTree = "<group>";
		};
/* End PBXGroup section */

/* Begin PBXNativeTarget section */
		98BABA30268AB4BF0038716C /* audioplay */ = {
			isa = PBXNativeTarget;
			buildConfigurationList = 98BABA45268AB4C00038716C /* Build configuration list for PBXNativeTarget "audioplay" */;
			buildPhases = (
				98BABA2D268AB4BF0038716C /* Sources */,
				98BABA2E268AB4BF0038716C /* Frameworks */,
				98BABA2F268AB4BF0038716C /* Resources */,
			);
			buildRules = (
			);
			dependencies = (
			);
			name = audioplay;
			productName = audioplay;
			productReference = 98BABA31268AB4BF0038716C /* audioplay.app */;
			productType = "com.apple.product-type.application";
		};
/* End PBXNativeTarget section */

/* Begin PBXProject section */
		98BABA29268AB4BF0038716C /* Project object */ = {
			isa = PBXProject;
			attributes = {
				LastSwiftUpdateCheck = 1250;
				LastUpgradeCheck = 1250;
				TargetAttributes = {
					98BABA30268AB4BF0038716C = {
						CreatedOnToolsVersion = 12.5.1;
					};
				};
			};
			buildConfigurationList = 98BABA2C268AB4BF0038716C /* Build configuration list for PBXProject "audioplay" */;
			compatibilityVersion = "Xcode 9.3";
			developmentRegion = en;
			hasScannedForEncodings = 0;
			knownRegions = (
				en,
				Base,
			);
			mainGroup = 98BABA28268AB4BF0038716C;
			productRefGroup = 98BABA32268AB4BF0038716C /* Products */;
			projectDirPath = "";
			projectRoot = "";
			targets = (
				98BABA30268AB4BF0038716C /* audioplay */,
			);
		};
/* End PBXProject section */

/* Begin PBXResourcesBuildPhase section */
		98BABA2F268AB4BF0038716C /* Resources */ = {
			isa = PBXResourcesBuildPhase;
			buildActionMask = 2147483647;
			files = (
				98BABA4B268ACA320038716C /* IZ ONE (아이즈원) - Secret Story of the Swan (환상동화) [HAN ROM ENG Color Coded Lyrics].mp3 in Resources */,
				98BABA41268AB4C00038716C /* LaunchScreen.storyboard in Resources */,
				98BABA4D268B00D50038716C /* IZ ONE 아이즈원   Parallel Universe (평행우주)   Lyrics (ColorCoded ENG HAN ROM 가사).mp3 in Resources */,
				98BABA3E268AB4C00038716C /* Assets.xcassets in Resources */,
				98BABA3C268AB4BF0038716C /* Main.storyboard in Resources */,
			);
			runOnlyForDeploymentPostprocessing = 0;
		};
/* End PBXResourcesBuildPhase section */

/* Begin PBXSourcesBuildPhase section */
		98BABA2D268AB4BF0038716C /* Sources */ = {
			isa = PBXSourcesBuildPhase;
			buildActionMask = 2147483647;
			files = (
				98BABA39268AB4BF0038716C /* ViewController.swift in Sources */,
				98BABA35268AB4BF0038716C /* AppDelegate.swift in Sources */,
				98BABA37268AB4BF0038716C /* SceneDelegate.swift in Sources */,
			);
			runOnlyForDeploymentPostprocessing = 0;
		};
/* End PBXSourcesBuildPhase section */

/* Begin PBXVariantGroup section */
		98BABA3A268AB4BF0038716C /* Main.storyboard */ = {
			isa = PBXVariantGroup;
			children = (
				98BABA3B268AB4BF0038716C /* Base */,
			);
			name = Main.storyboard;
			sourceTree = "<group>";
		};
		98BABA3F268AB4C00038716C /* LaunchScreen.storyboard */ = {
			isa = PBXVariantGroup;
			children = (
				98BABA40268AB4C00038716C /* Base */,
			);
			name = LaunchScreen.storyboard;
			sourceTree = "<group>";
		};
/* End PBXVariantGroup section */

/* Begin XCBuildConfiguration section */
		98BABA43268AB4C00038716C /* Debug */ = {
			isa = XCBuildConfiguration;
			buildSettings = {
				ALWAYS_SEARCH_USER_PATHS = NO;
				CLANG_ANALYZER_NONNULL = YES;
				CLANG_ANALYZER_NUMBER_OBJECT_CONVERSION = YES_AGGRESSIVE;
				CLANG_CXX_LANGUAGE_STANDARD = "gnu++14";
				CLANG_CXX_LIBRARY = "libc++";
				CLANG_ENABLE_MODULES = YES;
				CLANG_ENABLE_OBJC_ARC = YES;
				CLANG_ENABLE_OBJC_WEAK = YES;
				CLANG_WARN_BLOCK_CAPTURE_AUTORELEASING = YES;
				CLANG_WARN_BOOL_CONVERSION = YES;
				CLANG_WARN_COMMA = YES;
				CLANG_WARN_CONSTANT_CONVERSION = YES;
				CLANG_WARN_DEPRECATED_OBJC_IMPLEMENTATIONS = YES;
				CLANG_WARN_DIRECT_OBJC_ISA_USAGE = YES_ERROR;
				CLANG_WARN_DOCUMENTATION_COMMENTS = YES;
				CLANG_WARN_EMPTY_BODY = YES;
				CLANG_WARN_ENUM_CONVERSION = YES;
				CLANG_WARN_INFINITE_RECURSION = YES;
				CLANG_WARN_INT_CONVERSION = YES;
				CLANG_WARN_NON_LITERAL_NULL_CONVERSION = YES;
				CLANG_WARN_OBJC_IMPLICIT_RETAIN_SELF = YES;
				CLANG_WARN_OBJC_LITERAL_CONVERSION = YES;
				CLANG_WARN_OBJC_ROOT_CLASS = YES_ERROR;
				CLANG_WARN_QUOTED_INCLUDE_IN_FRAMEWORK_HEADER = YES;
				CLANG_WARN_RANGE_LOOP_ANALYSIS = YES;
				CLANG_WARN_STRICT_PROTOTYPES = YES;
				CLANG_WARN_SUSPICIOUS_MOVE = YES;
				CLANG_WARN_UNGUARDED_AVAILABILITY = YES_AGGRESSIVE;
				CLANG_WARN_UNREACHABLE_CODE = YES;
				CLANG_WARN__DUPLICATE_METHOD_MATCH = YES;
				COPY_PHASE_STRIP = NO;
				DEBUG_INFORMATION_FORMAT = dwarf;
				ENABLE_STRICT_OBJC_MSGSEND = YES;
				ENABLE_TESTABILITY = YES;
				GCC_C_LANGUAGE_STANDARD = gnu11;
				GCC_DYNAMIC_NO_PIC = NO;
				GCC_NO_COMMON_BLOCKS = YES;
				GCC_OPTIMIZATION_LEVEL = 0;
				GCC_PREPROCESSOR_DEFINITIONS = (
					"DEBUG=1",
					"$(inherited)",
				);
				GCC_WARN_64_TO_32_BIT_CONVERSION = YES;
				GCC_WARN_ABOUT_RETURN_TYPE = YES_ERROR;
				GCC_WARN_UNDECLARED_SELECTOR = YES;
				GCC_WARN_UNINITIALIZED_AUTOS = YES_AGGRESSIVE;
				GCC_WARN_UNUSED_FUNCTION = YES;
				GCC_WARN_UNUSED_VARIABLE = YES;
				IPHONEOS_DEPLOYMENT_TARGET = 14.5;
				MTL_ENABLE_DEBUG_INFO = INCLUDE_SOURCE;
				MTL_FAST_MATH = YES;
				ONLY_ACTIVE_ARCH = YES;
				SDKROOT = iphoneos;
				SWIFT_ACTIVE_COMPILATION_CONDITIONS = DEBUG;
				SWIFT_OPTIMIZATION_LEVEL = "-Onone";
			};
			name = Debug;
		};
		98BABA44268AB4C00038716C /* Release */ = {
			isa = XCBuildConfiguration;
			buildSettings = {
				ALWAYS_SEARCH_USER_PATHS = NO;
				CLANG_ANALYZER_NONNULL = YES;
				CLANG_ANALYZER_NUMBER_OBJECT_CONVERSION = YES_AGGRESSIVE;
				CLANG_CXX_LANGUAGE_STANDARD = "gnu++14";
				CLANG_CXX_LIBRARY = "libc++";
				CLANG_ENABLE_MODULES = YES;
				CLANG_ENABLE_OBJC_ARC = YES;
				CLANG_ENABLE_OBJC_WEAK = YES;
				CLANG_WARN_BLOCK_CAPTURE_AUTORELEASING = YES;
				CLANG_WARN_BOOL_CONVERSION = YES;
				CLANG_WARN_COMMA = YES;
				CLANG_WARN_CONSTANT_CONVERSION = YES;
				CLANG_WARN_DEPRECATED_OBJC_IMPLEMENTATIONS = YES;
				CLANG_WARN_DIRECT_OBJC_ISA_USAGE = YES_ERROR;
				CLANG_WARN_DOCUMENTATION_COMMENTS = YES;
				CLANG_WARN_EMPTY_BODY = YES;
				CLANG_WARN_ENUM_CONVERSION = YES;
				CLANG_WARN_INFINITE_RECURSION = YES;
				CLANG_WARN_INT_CONVERSION = YES;
				CLANG_WARN_NON_LITERAL_NULL_CONVERSION = YES;
				CLANG_WARN_OBJC_IMPLICIT_RETAIN_SELF = YES;
				CLANG_WARN_OBJC_LITERAL_CONVERSION = YES;
				CLANG_WARN_OBJC_ROOT_CLASS = YES_ERROR;
				CLANG_WARN_QUOTED_INCLUDE_IN_FRAMEWORK_HEADER = YES;
				CLANG_WARN_RANGE_LOOP_ANALYSIS = YES;
				CLANG_WARN_STRICT_PROTOTYPES = YES;
				CLANG_WARN_SUSPICIOUS_MOVE = YES;
				CLANG_WARN_UNGUARDED_AVAILABILITY = YES_AGGRESSIVE;
				CLANG_WARN_UNREACHABLE_CODE = YES;
				CLANG_WARN__DUPLICATE_METHOD_MATCH = YES;
				COPY_PHASE_STRIP = NO;
				DEBUG_INFORMATION_FORMAT = "dwarf-with-dsym";
				ENABLE_NS_ASSERTIONS = NO;
				ENABLE_STRICT_OBJC_MSGSEND = YES;
				GCC_C_LANGUAGE_STANDARD = gnu11;
				GCC_NO_COMMON_BLOCKS = YES;
				GCC_WARN_64_TO_32_BIT_CONVERSION = YES;
				GCC_WARN_ABOUT_RETURN_TYPE = YES_ERROR;
				GCC_WARN_UNDECLARED_SELECTOR = YES;
				GCC_WARN_UNINITIALIZED_AUTOS = YES_AGGRESSIVE;
				GCC_WARN_UNUSED_FUNCTION = YES;
				GCC_WARN_UNUSED_VARIABLE = YES;
				IPHONEOS_DEPLOYMENT_TARGET = 14.5;
				MTL_ENABLE_DEBUG_INFO = NO;
				MTL_FAST_MATH = YES;
				SDKROOT = iphoneos;
				SWIFT_COMPILATION_MODE = wholemodule;
				SWIFT_OPTIMIZATION_LEVEL = "-O";
				VALIDATE_PRODUCT = YES;
			};
			name = Release;
		};
		98BABA46268AB4C00038716C /* Debug */ = {
			isa = XCBuildConfiguration;
			buildSettings = {
				ASSETCATALOG_COMPILER_APPICON_NAME = AppIcon;
				ASSETCATALOG_COMPILER_GLOBAL_ACCENT_COLOR_NAME = AccentColor;
				CODE_SIGN_STYLE = Automatic;
				INFOPLIST_FILE = audioplay/Info.plist;
				LD_RUNPATH_SEARCH_PATHS = (
					"$(inherited)",
					"@executable_path/Frameworks",
				);
				PRODUCT_BUNDLE_IDENTIFIER = com.yourcompany.audioplay;
				PRODUCT_NAME = "$(TARGET_NAME)";
				SWIFT_VERSION = 5.0;
				TARGETED_DEVICE_FAMILY = "1,2";
			};
			name = Debug;
		};
		98BABA47268AB4C00038716C /* Release */ = {
			isa = XCBuildConfiguration;
			buildSettings = {
				ASSETCATALOG_COMPILER_APPICON_NAME = AppIcon;
				ASSETCATALOG_COMPILER_GLOBAL_ACCENT_COLOR_NAME = AccentColor;
				CODE_SIGN_STYLE = Automatic;
				INFOPLIST_FILE = audioplay/Info.plist;
				LD_RUNPATH_SEARCH_PATHS = (
					"$(inherited)",
					"@executable_path/Frameworks",
				);
				PRODUCT_BUNDLE_IDENTIFIER = com.yourcompany.audioplay;
				PRODUCT_NAME = "$(TARGET_NAME)";
				SWIFT_VERSION = 5.0;
				TARGETED_DEVICE_FAMILY = "1,2";
			};
			name = Release;
		};
/* End XCBuildConfiguration section */

/* Begin XCConfigurationList section */
		98BABA2C268AB4BF0038716C /* Build configuration list for PBXProject "audioplay" */ = {
			isa = XCConfigurationList;
			buildConfigurations = (
				98BABA43268AB4C00038716C /* Debug */,
				98BABA44268AB4C00038716C /* Release */,
			);
			defaultConfigurationIsVisible = 0;
			defaultConfigurationName = Release;
		};
		98BABA45268AB4C00038716C /* Build configuration list for PBXNativeTarget "audioplay" */ = {
			isa = XCConfigurationList;
			buildConfigurations = (
				98BABA46268AB4C00038716C /* Debug */,
				98BABA47268AB4C00038716C /* Release */,
			);
			defaultConfigurationIsVisible = 0;
			defaultConfigurationName = Release;
		};
/* End XCConfigurationList section */
	};
	rootObject = 98BABA29268AB4BF0038716C /* Project object */;
}
