// !$*UTF8*$!
{
	archiveVersion = 1;
	classes = {
	};
	objectVersion = 50;
	objects = {

/* Begin PBXBuildFile section */
		98BABA7B268B39330038716C /* AppDelegate.swift in Sources */ = {isa = PBXBuildFile; fileRef = 98BABA7A268B39330038716C /* AppDelegate.swift */; };
		98BABA7D268B39330038716C /* SceneDelegate.swift in Sources */ = {isa = PBXBuildFile; fileRef = 98BABA7C268B39330038716C /* SceneDelegate.swift */; };
		98BABA7F268B39330038716C /* ViewController.swift in Sources */ = {isa = PBXBuildFile; fileRef = 98BABA7E268B39330038716C /* ViewController.swift */; };
		98BABA82268B39330038716C /* Main.storyboard in Resources */ = {isa = PBXBuildFile; fileRef = 98BABA80268B39330038716C /* Main.storyboard */; };
		98BABA84268B39340038716C /* Assets.xcassets in Resources */ = {isa = PBXBuildFile; fileRef = 98BABA83268B39340038716C /* Assets.xcassets */; };
		98BABA87268B39340038716C /* LaunchScreen.storyboard in Resources */ = {isa = PBXBuildFile; fileRef = 98BABA85268B39340038716C /* LaunchScreen.storyboard */; };
		98BABA90268B41A40038716C /* choiyena.png in Resources */ = {isa = PBXBuildFile; fileRef = 98BABA8E268B41A40038716C /* choiyena.png */; };
		98BABA91268B41A40038716C /* joyuri.jpg in Resources */ = {isa = PBXBuildFile; fileRef = 98BABA8F268B41A40038716C /* joyuri.jpg */; };
		98BABA93268B421F0038716C /* FastTyping.jpg in Resources */ = {isa = PBXBuildFile; fileRef = 98BABA92268B421F0038716C /* FastTyping.jpg */; };
		98BABA95268B42AB0038716C /* Fireworks.jpg in Resources */ = {isa = PBXBuildFile; fileRef = 98BABA94268B42AB0038716C /* Fireworks.jpg */; };
/* End PBXBuildFile section */

/* Begin PBXFileReference section */
		98BABA77268B39330038716C /* MoviePlayer.app */ = {isa = PBXFileReference; explicitFileType = wrapper.application; includeInIndex = 0; path = MoviePlayer.app; sourceTree = BUILT_PRODUCTS_DIR; };
		98BABA7A268B39330038716C /* AppDelegate.swift */ = {isa = PBXFileReference; lastKnownFileType = sourcecode.swift; path = AppDelegate.swift; sourceTree = "<group>"; };
		98BABA7C268B39330038716C /* SceneDelegate.swift */ = {isa = PBXFileReference; lastKnownFileType = sourcecode.swift; path = SceneDelegate.swift; sourceTree = "<group>"; };
		98BABA7E268B39330038716C /* ViewController.swift */ = {isa = PBXFileReference; lastKnownFileType = sourcecode.swift; path = ViewController.swift; sourceTree = "<group>"; };
		98BABA81268B39330038716C /* Base */ = {isa = PBXFileReference; lastKnownFileType = file.storyboard; name = Base; path = Base.lproj/Main.storyboard; sourceTree = "<group>"; };
		98BABA83268B39340038716C /* Assets.xcassets */ = {isa = PBXFileReference; lastKnownFileType = folder.assetcatalog; path = Assets.xcassets; sourceTree = "<group>"; };
		98BABA86268B39340038716C /* Base */ = {isa = PBXFileReference; lastKnownFileType = file.storyboard; name = Base; path = Base.lproj/LaunchScreen.storyboard; sourceTree = "<group>"; };
		98BABA88268B39340038716C /* Info.plist */ = {isa = PBXFileReference; lastKnownFileType = text.plist.xml; path = Info.plist; sourceTree = "<group>"; };
		98BABA8E268B41A40038716C /* choiyena.png */ = {isa = PBXFileReference; lastKnownFileType = image.png; path = choiyena.png; sourceTree = "<group>"; };
		98BABA8F268B41A40038716C /* joyuri.jpg */ = {isa = PBXFileReference; lastKnownFileType = image.jpeg; path = joyuri.jpg; sourceTree = "<group>"; };
		98BABA92268B421F0038716C /* FastTyping.jpg */ = {isa = PBXFileReference; lastKnownFileType = image.jpeg; path = FastTyping.jpg; sourceTree = "<group>"; };
		98BABA94268B42AB0038716C /* Fireworks.jpg */ = {isa = PBXFileReference; lastKnownFileType = image.jpeg; path = Fireworks.jpg; sourceTree = "<group>"; };
		98BABA96268B44E00038716C /* FastTyping.mp4 */ = {isa = PBXFileReference; lastKnownFileType = file; path = FastTyping.mp4; sourceTree = "<group>"; };
/* End PBXFileReference section */

/* Begin PBXFrameworksBuildPhase section */
		98BABA74268B39330038716C /* Frameworks */ = {
			isa = PBXFrameworksBuildPhase;
			buildActionMask = 2147483647;
			files = (
			);
			runOnlyForDeploymentPostprocessing = 0;
		};
/* End PBXFrameworksBuildPhase section */

/* Begin PBXGroup section */
		98BABA6E268B39330038716C = {
			isa = PBXGroup;
			children = (
				98BABA79268B39330038716C /* MoviePlayer */,
				98BABA78268B39330038716C /* Products */,
			);
			sourceTree = "<group>";
		};
		98BABA78268B39330038716C /* Products */ = {
			isa = PBXGroup;
			children = (
				98BABA77268B39330038716C /* MoviePlayer.app */,
			);
			name = Products;
			sourceTree = "<group>";
		};
		98BABA79268B39330038716C /* MoviePlayer */ = {
			isa = PBXGroup;
			children = (
				98BABA92268B421F0038716C /* FastTyping.jpg */,
				98BABA96268B44E00038716C /* FastTyping.mp4 */,
				98BABA94268B42AB0038716C /* Fireworks.jpg */,
				98BABA8F268B41A40038716C /* joyuri.jpg */,
				98BABA8E268B41A40038716C /* choiyena.png */,
				98BABA7A268B39330038716C /* AppDelegate.swift */,
				98BABA7C268B39330038716C /* SceneDelegate.swift */,
				98BABA7E268B39330038716C /* ViewController.swift */,
				98BABA80268B39330038716C /* Main.storyboard */,
				98BABA83268B39340038716C /* Assets.xcassets */,
				98BABA85268B39340038716C /* LaunchScreen.storyboard */,
				98BABA88268B39340038716C /* Info.plist */,
			);
			path = MoviePlayer;
			sourceTree = "<group>";
		};
/* End PBXGroup section */

/* Begin PBXNativeTarget section */
		98BABA76268B39330038716C /* MoviePlayer */ = {
			isa = PBXNativeTarget;
			buildConfigurationList = 98BABA8B268B39340038716C /* Build configuration list for PBXNativeTarget "MoviePlayer" */;
			buildPhases = (
				98BABA73268B39330038716C /* Sources */,
				98BABA74268B39330038716C /* Frameworks */,
				98BABA75268B39330038716C /* Resources */,
			);
			buildRules = (
			);
			dependencies = (
			);
			name = MoviePlayer;
			productName = MoviePlayer;
			productReference = 98BABA77268B39330038716C /* MoviePlayer.app */;
			productType = "com.apple.product-type.application";
		};
/* End PBXNativeTarget section */

/* Begin PBXProject section */
		98BABA6F268B39330038716C /* Project object */ = {
			isa = PBXProject;
			attributes = {
				LastSwiftUpdateCheck = 1250;
				LastUpgradeCheck = 1250;
				TargetAttributes = {
					98BABA76268B39330038716C = {
						CreatedOnToolsVersion = 12.5.1;
					};
				};
			};
			buildConfigurationList = 98BABA72268B39330038716C /* Build configuration list for PBXProject "MoviePlayer" */;
			compatibilityVersion = "Xcode 9.3";
			developmentRegion = en;
			hasScannedForEncodings = 0;
			knownRegions = (
				en,
				Base,
			);
			mainGroup = 98BABA6E268B39330038716C;
			productRefGroup = 98BABA78268B39330038716C /* Products */;
			projectDirPath = "";
			projectRoot = "";
			targets = (
				98BABA76268B39330038716C /* MoviePlayer */,
			);
		};
/* End PBXProject section */

/* Begin PBXResourcesBuildPhase section */
		98BABA75268B39330038716C /* Resources */ = {
			isa = PBXResourcesBuildPhase;
			buildActionMask = 2147483647;
			files = (
				98BABA90268B41A40038716C /* choiyena.png in Resources */,
				98BABA87268B39340038716C /* LaunchScreen.storyboard in Resources */,
				98BABA93268B421F0038716C /* FastTyping.jpg in Resources */,
				98BABA84268B39340038716C /* Assets.xcassets in Resources */,
				98BABA95268B42AB0038716C /* Fireworks.jpg in Resources */,
				98BABA82268B39330038716C /* Main.storyboard in Resources */,
				98BABA91268B41A40038716C /* joyuri.jpg in Resources */,
			);
			runOnlyForDeploymentPostprocessing = 0;
		};
/* End PBXResourcesBuildPhase section */

/* Begin PBXSourcesBuildPhase section */
		98BABA73268B39330038716C /* Sources */ = {
			isa = PBXSourcesBuildPhase;
			buildActionMask = 2147483647;
			files = (
				98BABA7F268B39330038716C /* ViewController.swift in Sources */,
				98BABA7B268B39330038716C /* AppDelegate.swift in Sources */,
				98BABA7D268B39330038716C /* SceneDelegate.swift in Sources */,
			);
			runOnlyForDeploymentPostprocessing = 0;
		};
/* End PBXSourcesBuildPhase section */

/* Begin PBXVariantGroup section */
		98BABA80268B39330038716C /* Main.storyboard */ = {
			isa = PBXVariantGroup;
			children = (
				98BABA81268B39330038716C /* Base */,
			);
			name = Main.storyboard;
			sourceTree = "<group>";
		};
		98BABA85268B39340038716C /* LaunchScreen.storyboard */ = {
			isa = PBXVariantGroup;
			children = (
				98BABA86268B39340038716C /* Base */,
			);
			name = LaunchScreen.storyboard;
			sourceTree = "<group>";
		};
/* End PBXVariantGroup section */

/* Begin XCBuildConfiguration section */
		98BABA89268B39340038716C /* Debug */ = {
			isa = XCBuildConfiguration;
			buildSettings = {
				ALWAYS_SEARCH_USER_PATHS = NO;
				CLANG_ANALYZER_NONNULL = YES;
				CLANG_ANALYZER_NUMBER_OBJECT_CONVERSION = YES_AGGRESSIVE;
				CLANG_CXX_LANGUAGE_STANDARD = "gnu++14";
				CLANG_CXX_LIBRARY = "libc++";
				CLANG_ENABLE_MODULES = YES;
				CLANG_ENABLE_OBJC_ARC = YES;
				CLANG_ENABLE_OBJC_WEAK = YES;
				CLANG_WARN_BLOCK_CAPTURE_AUTORELEASING = YES;
				CLANG_WARN_BOOL_CONVERSION = YES;
				CLANG_WARN_COMMA = YES;
				CLANG_WARN_CONSTANT_CONVERSION = YES;
				CLANG_WARN_DEPRECATED_OBJC_IMPLEMENTATIONS = YES;
				CLANG_WARN_DIRECT_OBJC_ISA_USAGE = YES_ERROR;
				CLANG_WARN_DOCUMENTATION_COMMENTS = YES;
				CLANG_WARN_EMPTY_BODY = YES;
				CLANG_WARN_ENUM_CONVERSION = YES;
				CLANG_WARN_INFINITE_RECURSION = YES;
				CLANG_WARN_INT_CONVERSION = YES;
				CLANG_WARN_NON_LITERAL_NULL_CONVERSION = YES;
				CLANG_WARN_OBJC_IMPLICIT_RETAIN_SELF = YES;
				CLANG_WARN_OBJC_LITERAL_CONVERSION = YES;
				CLANG_WARN_OBJC_ROOT_CLASS = YES_ERROR;
				CLANG_WARN_QUOTED_INCLUDE_IN_FRAMEWORK_HEADER = YES;
				CLANG_WARN_RANGE_LOOP_ANALYSIS = YES;
				CLANG_WARN_STRICT_PROTOTYPES = YES;
				CLANG_WARN_SUSPICIOUS_MOVE = YES;
				CLANG_WARN_UNGUARDED_AVAILABILITY = YES_AGGRESSIVE;
				CLANG_WARN_UNREACHABLE_CODE = YES;
				CLANG_WARN__DUPLICATE_METHOD_MATCH = YES;
				COPY_PHASE_STRIP = NO;
				DEBUG_INFORMATION_FORMAT = dwarf;
				ENABLE_STRICT_OBJC_MSGSEND = YES;
				ENABLE_TESTABILITY = YES;
				GCC_C_LANGUAGE_STANDARD = gnu11;
				GCC_DYNAMIC_NO_PIC = NO;
				GCC_NO_COMMON_BLOCKS = YES;
				GCC_OPTIMIZATION_LEVEL = 0;
				GCC_PREPROCESSOR_DEFINITIONS = (
					"DEBUG=1",
					"$(inherited)",
				);
				GCC_WARN_64_TO_32_BIT_CONVERSION = YES;
				GCC_WARN_ABOUT_RETURN_TYPE = YES_ERROR;
				GCC_WARN_UNDECLARED_SELECTOR = YES;
				GCC_WARN_UNINITIALIZED_AUTOS = YES_AGGRESSIVE;
				GCC_WARN_UNUSED_FUNCTION = YES;
				GCC_WARN_UNUSED_VARIABLE = YES;
				IPHONEOS_DEPLOYMENT_TARGET = 14.5;
				MTL_ENABLE_DEBUG_INFO = INCLUDE_SOURCE;
				MTL_FAST_MATH = YES;
				ONLY_ACTIVE_ARCH = YES;
				SDKROOT = iphoneos;
				SWIFT_ACTIVE_COMPILATION_CONDITIONS = DEBUG;
				SWIFT_OPTIMIZATION_LEVEL = "-Onone";
			};
			name = Debug;
		};
		98BABA8A268B39340038716C /* Release */ = {
			isa = XCBuildConfiguration;
			buildSettings = {
				ALWAYS_SEARCH_USER_PATHS = NO;
				CLANG_ANALYZER_NONNULL = YES;
				CLANG_ANALYZER_NUMBER_OBJECT_CONVERSION = YES_AGGRESSIVE;
				CLANG_CXX_LANGUAGE_STANDARD = "gnu++14";
				CLANG_CXX_LIBRARY = "libc++";
				CLANG_ENABLE_MODULES = YES;
				CLANG_ENABLE_OBJC_ARC = YES;
				CLANG_ENABLE_OBJC_WEAK = YES;
				CLANG_WARN_BLOCK_CAPTURE_AUTORELEASING = YES;
				CLANG_WARN_BOOL_CONVERSION = YES;
				CLANG_WARN_COMMA = YES;
				CLANG_WARN_CONSTANT_CONVERSION = YES;
				CLANG_WARN_DEPRECATED_OBJC_IMPLEMENTATIONS = YES;
				CLANG_WARN_DIRECT_OBJC_ISA_USAGE = YES_ERROR;
				CLANG_WARN_DOCUMENTATION_COMMENTS = YES;
				CLANG_WARN_EMPTY_BODY = YES;
				CLANG_WARN_ENUM_CONVERSION = YES;
				CLANG_WARN_INFINITE_RECURSION = YES;
				CLANG_WARN_INT_CONVERSION = YES;
				CLANG_WARN_NON_LITERAL_NULL_CONVERSION = YES;
				CLANG_WARN_OBJC_IMPLICIT_RETAIN_SELF = YES;
				CLANG_WARN_OBJC_LITERAL_CONVERSION = YES;
				CLANG_WARN_OBJC_ROOT_CLASS = YES_ERROR;
				CLANG_WARN_QUOTED_INCLUDE_IN_FRAMEWORK_HEADER = YES;
				CLANG_WARN_RANGE_LOOP_ANALYSIS = YES;
				CLANG_WARN_STRICT_PROTOTYPES = YES;
				CLANG_WARN_SUSPICIOUS_MOVE = YES;
				CLANG_WARN_UNGUARDED_AVAILABILITY = YES_AGGRESSIVE;
				CLANG_WARN_UNREACHABLE_CODE = YES;
				CLANG_WARN__DUPLICATE_METHOD_MATCH = YES;
				COPY_PHASE_STRIP = NO;
				DEBUG_INFORMATION_FORMAT = "dwarf-with-dsym";
				ENABLE_NS_ASSERTIONS = NO;
				ENABLE_STRICT_OBJC_MSGSEND = YES;
				GCC_C_LANGUAGE_STANDARD = gnu11;
				GCC_NO_COMMON_BLOCKS = YES;
				GCC_WARN_64_TO_32_BIT_CONVERSION = YES;
				GCC_WARN_ABOUT_RETURN_TYPE = YES_ERROR;
				GCC_WARN_UNDECLARED_SELECTOR = YES;
				GCC_WARN_UNINITIALIZED_AUTOS = YES_AGGRESSIVE;
				GCC_WARN_UNUSED_FUNCTION = YES;
				GCC_WARN_UNUSED_VARIABLE = YES;
				IPHONEOS_DEPLOYMENT_TARGET = 14.5;
				MTL_ENABLE_DEBUG_INFO = NO;
				MTL_FAST_MATH = YES;
				SDKROOT = iphoneos;
				SWIFT_COMPILATION_MODE = wholemodule;
				SWIFT_OPTIMIZATION_LEVEL = "-O";
				VALIDATE_PRODUCT = YES;
			};
			name = Release;
		};
		98BABA8C268B39340038716C /* Debug */ = {
			isa = XCBuildConfiguration;
			buildSettings = {
				ASSETCATALOG_COMPILER_APPICON_NAME = AppIcon;
				ASSETCATALOG_COMPILER_GLOBAL_ACCENT_COLOR_NAME = AccentColor;
				CODE_SIGN_STYLE = Automatic;
				INFOPLIST_FILE = MoviePlayer/Info.plist;
				LD_RUNPATH_SEARCH_PATHS = (
					"$(inherited)",
					"@executable_path/Frameworks",
				);
				PRODUCT_BUNDLE_IDENTIFIER = com.yourcompany.MoviePlayer;
				PRODUCT_NAME = "$(TARGET_NAME)";
				SWIFT_VERSION = 5.0;
				TARGETED_DEVICE_FAMILY = "1,2";
			};
			name = Debug;
		};
		98BABA8D268B39340038716C /* Release */ = {
			isa = XCBuildConfiguration;
			buildSettings = {
				ASSETCATALOG_COMPILER_APPICON_NAME = AppIcon;
				ASSETCATALOG_COMPILER_GLOBAL_ACCENT_COLOR_NAME = AccentColor;
				CODE_SIGN_STYLE = Automatic;
				INFOPLIST_FILE = MoviePlayer/Info.plist;
				LD_RUNPATH_SEARCH_PATHS = (
					"$(inherited)",
					"@executable_path/Frameworks",
				);
				PRODUCT_BUNDLE_IDENTIFIER = com.yourcompany.MoviePlayer;
				PRODUCT_NAME = "$(TARGET_NAME)";
				SWIFT_VERSION = 5.0;
				TARGETED_DEVICE_FAMILY = "1,2";
			};
			name = Release;
		};
/* End XCBuildConfiguration section */

/* Begin XCConfigurationList section */
		98BABA72268B39330038716C /* Build configuration list for PBXProject "MoviePlayer" */ = {
			isa = XCConfigurationList;
			buildConfigurations = (
				98BABA89268B39340038716C /* Debug */,
				98BABA8A268B39340038716C /* Release */,
			);
			defaultConfigurationIsVisible = 0;
			defaultConfigurationName = Release;
		};
		98BABA8B268B39340038716C /* Build configuration list for PBXNativeTarget "MoviePlayer" */ = {
			isa = XCConfigurationList;
			buildConfigurations = (
				98BABA8C268B39340038716C /* Debug */,
				98BABA8D268B39340038716C /* Release */,
			);
			defaultConfigurationIsVisible = 0;
			defaultConfigurationName = Release;
		};
/* End XCConfigurationList section */
	};
	rootObject = 98BABA6F268B39330038716C /* Project object */;
}
